
Microsoft Visual Studio Solution File, Format Version 12.00
# Visual Studio Version 16
VisualStudioVersion = 16.0.30907.101
MinimumVisualStudioVersion = 10.0.40219.1
Project("{FAE04EC0-301F-11D3-BF4B-00C04F79EFBC}") = "12-For-Dongusu-Aciklamasi", "12-For-Dongusu-Aciklamasi\12-For-Dongusu-Aciklamasi.csproj", "{7C93DB4A-32D9-4CDE-B6E4-1E66F903DEED}"
EndProject
Global
	GlobalSection(SolutionConfigurationPlatforms) = preSolution
		Debug|Any CPU = Debug|Any CPU
		Release|Any CPU = Release|Any CPU
	EndGlobalSection
	GlobalSection(ProjectConfigurationPlatforms) = postSolution
		{7C93DB4A-32D9-4CDE-B6E4-1E66F903DEED}.Debug|Any CPU.ActiveCfg = Debug|Any CPU
		{7C93DB4A-32D9-4CDE-B6E4-1E66F903DEED}.Debug|Any CPU.Build.0 = Debug|Any CPU
		{7C93DB4A-32D9-4CDE-B6E4-1E66F903DEED}.Release|Any CPU.ActiveCfg = Release|Any CPU
		{7C93DB4A-32D9-4CDE-B6E4-1E66F903DEED}.Release|Any CPU.Build.0 = Release|Any CPU
	EndGlobalSection
	GlobalSection(SolutionProperties) = preSolution
		HideSolutionNode = FALSE
	EndGlobalSection
	GlobalSection(ExtensibilityGlobals) = postSolution
		SolutionGuid = {69E5F509-732A-424B-A07B-103298286960}
	EndGlobalSection
EndGlobal
